
Microsoft Visual Studio Solution File, Format Version 12.00
# Visual Studio Version 16
Project("{2150E333-8FDC-42A3-9474-1A3956D46DE8}") = "CMakePredefinedTargets", "CMakePredefinedTargets", "{10073AD9-3E78-39CC-87F9-627AF3E1BBD8}"
EndProject
Project("{8BC9CEB8-8B4A-11D0-8D11-00A0C91BC942}") = "testbed", "testbed\testbed.vcxproj", "{6B769EE6-6154-3715-9323-3A5293C779A5}"
	ProjectSection(ProjectDependencies) = postProject
		{CEC4E883-FC39-3D9B-8CB2-DF320A4AAF22} = {CEC4E883-FC39-3D9B-8CB2-DF320A4AAF22}
		{4DB25BA3-0D7A-3C36-9A11-9DB274C13BD8} = {4DB25BA3-0D7A-3C36-9A11-9DB274C13BD8}
		{EC84C6AB-C064-30BF-9A3B-CB5D455C803E} = {EC84C6AB-C064-30BF-9A3B-CB5D455C803E}
		{D63D2C1C-D1E6-3561-A790-1D6167C2364C} = {D63D2C1C-D1E6-3561-A790-1D6167C2364C}
		{E868C0F6-9D32-355F-96D7-CABEB06D3BD0} = {E868C0F6-9D32-355F-96D7-CABEB06D3BD0}
		{65C1EE21-851B-34EF-96C2-AA5F65F64019} = {65C1EE21-851B-34EF-96C2-AA5F65F64019}
	EndProjectSection
EndProject
Project("{8BC9CEB8-8B4A-11D0-8D11-00A0C91BC942}") = "ALL_BUILD", "ALL_BUILD.vcxproj", "{C08136BA-3404-30A7-A66A-2CF92ACDA82F}"
	ProjectSection(ProjectDependencies) = postProject
		{CEC4E883-FC39-3D9B-8CB2-DF320A4AAF22} = {CEC4E883-FC39-3D9B-8CB2-DF320A4AAF22}
		{4DB25BA3-0D7A-3C36-9A11-9DB274C13BD8} = {4DB25BA3-0D7A-3C36-9A11-9DB274C13BD8}
		{EC84C6AB-C064-30BF-9A3B-CB5D455C803E} = {EC84C6AB-C064-30BF-9A3B-CB5D455C803E}
		{D63D2C1C-D1E6-3561-A790-1D6167C2364C} = {D63D2C1C-D1E6-3561-A790-1D6167C2364C}
		{E868C0F6-9D32-355F-96D7-CABEB06D3BD0} = {E868C0F6-9D32-355F-96D7-CABEB06D3BD0}
		{65C1EE21-851B-34EF-96C2-AA5F65F64019} = {65C1EE21-851B-34EF-96C2-AA5F65F64019}
		{6B769EE6-6154-3715-9323-3A5293C779A5} = {6B769EE6-6154-3715-9323-3A5293C779A5}
		{3C377171-6C01-3D73-B571-4528C4DC1839} = {3C377171-6C01-3D73-B571-4528C4DC1839}
	EndProjectSection
EndProject
Project("{8BC9CEB8-8B4A-11D0-8D11-00A0C91BC942}") = "INSTALL", "INSTALL.vcxproj", "{42F007CF-414A-3CBE-BBDD-A1332C8E53C3}"
	ProjectSection(ProjectDependencies) = postProject
		{C08136BA-3404-30A7-A66A-2CF92ACDA82F} = {C08136BA-3404-30A7-A66A-2CF92ACDA82F}
		{CEC4E883-FC39-3D9B-8CB2-DF320A4AAF22} = {CEC4E883-FC39-3D9B-8CB2-DF320A4AAF22}
	EndProjectSection
EndProject
Project("{8BC9CEB8-8B4A-11D0-8D11-00A0C91BC942}") = "ZERO_CHECK", "ZERO_CHECK.vcxproj", "{CEC4E883-FC39-3D9B-8CB2-DF320A4AAF22}"
	ProjectSection(ProjectDependencies) = postProject
	EndProjectSection
EndProject
Project("{8BC9CEB8-8B4A-11D0-8D11-00A0C91BC942}") = "box2d", "src\box2d.vcxproj", "{4DB25BA3-0D7A-3C36-9A11-9DB274C13BD8}"
	ProjectSection(ProjectDependencies) = postProject
		{CEC4E883-FC39-3D9B-8CB2-DF320A4AAF22} = {CEC4E883-FC39-3D9B-8CB2-DF320A4AAF22}
	EndProjectSection
EndProject
Project("{8BC9CEB8-8B4A-11D0-8D11-00A0C91BC942}") = "glad", "extern\glad\glad.vcxproj", "{EC84C6AB-C064-30BF-9A3B-CB5D455C803E}"
	ProjectSection(ProjectDependencies) = postProject
		{CEC4E883-FC39-3D9B-8CB2-DF320A4AAF22} = {CEC4E883-FC39-3D9B-8CB2-DF320A4AAF22}
	EndProjectSection
EndProject
Project("{8BC9CEB8-8B4A-11D0-8D11-00A0C91BC942}") = "glfw", "extern\glfw\glfw.vcxproj", "{D63D2C1C-D1E6-3561-A790-1D6167C2364C}"
	ProjectSection(ProjectDependencies) = postProject
		{CEC4E883-FC39-3D9B-8CB2-DF320A4AAF22} = {CEC4E883-FC39-3D9B-8CB2-DF320A4AAF22}
	EndProjectSection
EndProject
Project("{8BC9CEB8-8B4A-11D0-8D11-00A0C91BC942}") = "imgui", "extern\imgui\imgui.vcxproj", "{E868C0F6-9D32-355F-96D7-CABEB06D3BD0}"
	ProjectSection(ProjectDependencies) = postProject
		{CEC4E883-FC39-3D9B-8CB2-DF320A4AAF22} = {CEC4E883-FC39-3D9B-8CB2-DF320A4AAF22}
	EndProjectSection
EndProject
Project("{8BC9CEB8-8B4A-11D0-8D11-00A0C91BC942}") = "sajson", "extern\sajson\sajson.vcxproj", "{65C1EE21-851B-34EF-96C2-AA5F65F64019}"
	ProjectSection(ProjectDependencies) = postProject
		{CEC4E883-FC39-3D9B-8CB2-DF320A4AAF22} = {CEC4E883-FC39-3D9B-8CB2-DF320A4AAF22}
	EndProjectSection
EndProject
Project("{8BC9CEB8-8B4A-11D0-8D11-00A0C91BC942}") = "unit_test", "unit-test\unit_test.vcxproj", "{3C377171-6C01-3D73-B571-4528C4DC1839}"
	ProjectSection(ProjectDependencies) = postProject
		{CEC4E883-FC39-3D9B-8CB2-DF320A4AAF22} = {CEC4E883-FC39-3D9B-8CB2-DF320A4AAF22}
		{4DB25BA3-0D7A-3C36-9A11-9DB274C13BD8} = {4DB25BA3-0D7A-3C36-9A11-9DB274C13BD8}
	EndProjectSection
EndProject
Global
	GlobalSection(SolutionConfigurationPlatforms) = preSolution
		Debug|x64 = Debug|x64
		Release|x64 = Release|x64
		MinSizeRel|x64 = MinSizeRel|x64
		RelWithDebInfo|x64 = RelWithDebInfo|x64
	EndGlobalSection
	GlobalSection(ProjectConfigurationPlatforms) = postSolution
		{6B769EE6-6154-3715-9323-3A5293C779A5}.Debug|x64.ActiveCfg = Debug|x64
		{6B769EE6-6154-3715-9323-3A5293C779A5}.Debug|x64.Build.0 = Debug|x64
		{6B769EE6-6154-3715-9323-3A5293C779A5}.Release|x64.ActiveCfg = Release|x64
		{6B769EE6-6154-3715-9323-3A5293C779A5}.Release|x64.Build.0 = Release|x64
		{6B769EE6-6154-3715-9323-3A5293C779A5}.MinSizeRel|x64.ActiveCfg = MinSizeRel|x64
		{6B769EE6-6154-3715-9323-3A5293C779A5}.MinSizeRel|x64.Build.0 = MinSizeRel|x64
		{6B769EE6-6154-3715-9323-3A5293C779A5}.RelWithDebInfo|x64.ActiveCfg = RelWithDebInfo|x64
		{6B769EE6-6154-3715-9323-3A5293C779A5}.RelWithDebInfo|x64.Build.0 = RelWithDebInfo|x64
		{C08136BA-3404-30A7-A66A-2CF92ACDA82F}.Debug|x64.ActiveCfg = Debug|x64
		{C08136BA-3404-30A7-A66A-2CF92ACDA82F}.Debug|x64.Build.0 = Debug|x64
		{C08136BA-3404-30A7-A66A-2CF92ACDA82F}.Release|x64.ActiveCfg = Release|x64
		{C08136BA-3404-30A7-A66A-2CF92ACDA82F}.Release|x64.Build.0 = Release|x64
		{C08136BA-3404-30A7-A66A-2CF92ACDA82F}.MinSizeRel|x64.ActiveCfg = MinSizeRel|x64
		{C08136BA-3404-30A7-A66A-2CF92ACDA82F}.MinSizeRel|x64.Build.0 = MinSizeRel|x64
		{C08136BA-3404-30A7-A66A-2CF92ACDA82F}.RelWithDebInfo|x64.ActiveCfg = RelWithDebInfo|x64
		{C08136BA-3404-30A7-A66A-2CF92ACDA82F}.RelWithDebInfo|x64.Build.0 = RelWithDebInfo|x64
		{42F007CF-414A-3CBE-BBDD-A1332C8E53C3}.Debug|x64.ActiveCfg = Debug|x64
		{42F007CF-414A-3CBE-BBDD-A1332C8E53C3}.Release|x64.ActiveCfg = Release|x64
		{42F007CF-414A-3CBE-BBDD-A1332C8E53C3}.MinSizeRel|x64.ActiveCfg = MinSizeRel|x64
		{42F007CF-414A-3CBE-BBDD-A1332C8E53C3}.RelWithDebInfo|x64.ActiveCfg = RelWithDebInfo|x64
		{CEC4E883-FC39-3D9B-8CB2-DF320A4AAF22}.Debug|x64.ActiveCfg = Debug|x64
		{CEC4E883-FC39-3D9B-8CB2-DF320A4AAF22}.Debug|x64.Build.0 = Debug|x64
		{CEC4E883-FC39-3D9B-8CB2-DF320A4AAF22}.Release|x64.ActiveCfg = Release|x64
		{CEC4E883-FC39-3D9B-8CB2-DF320A4AAF22}.Release|x64.Build.0 = Release|x64
		{CEC4E883-FC39-3D9B-8CB2-DF320A4AAF22}.MinSizeRel|x64.ActiveCfg = MinSizeRel|x64
		{CEC4E883-FC39-3D9B-8CB2-DF320A4AAF22}.MinSizeRel|x64.Build.0 = MinSizeRel|x64
		{CEC4E883-FC39-3D9B-8CB2-DF320A4AAF22}.RelWithDebInfo|x64.ActiveCfg = RelWithDebInfo|x64
		{CEC4E883-FC39-3D9B-8CB2-DF320A4AAF22}.RelWithDebInfo|x64.Build.0 = RelWithDebInfo|x64
		{4DB25BA3-0D7A-3C36-9A11-9DB274C13BD8}.Debug|x64.ActiveCfg = Debug|x64
		{4DB25BA3-0D7A-3C36-9A11-9DB274C13BD8}.Debug|x64.Build.0 = Debug|x64
		{4DB25BA3-0D7A-3C36-9A11-9DB274C13BD8}.Release|x64.ActiveCfg = Release|x64
		{4DB25BA3-0D7A-3C36-9A11-9DB274C13BD8}.Release|x64.Build.0 = Release|x64
		{4DB25BA3-0D7A-3C36-9A11-9DB274C13BD8}.MinSizeRel|x64.ActiveCfg = MinSizeRel|x64
		{4DB25BA3-0D7A-3C36-9A11-9DB274C13BD8}.MinSizeRel|x64.Build.0 = MinSizeRel|x64
		{4DB25BA3-0D7A-3C36-9A11-9DB274C13BD8}.RelWithDebInfo|x64.ActiveCfg = RelWithDebInfo|x64
		{4DB25BA3-0D7A-3C36-9A11-9DB274C13BD8}.RelWithDebInfo|x64.Build.0 = RelWithDebInfo|x64
		{EC84C6AB-C064-30BF-9A3B-CB5D455C803E}.Debug|x64.ActiveCfg = Debug|x64
		{EC84C6AB-C064-30BF-9A3B-CB5D455C803E}.Debug|x64.Build.0 = Debug|x64
		{EC84C6AB-C064-30BF-9A3B-CB5D455C803E}.Release|x64.ActiveCfg = Release|x64
		{EC84C6AB-C064-30BF-9A3B-CB5D455C803E}.Release|x64.Build.0 = Release|x64
		{EC84C6AB-C064-30BF-9A3B-CB5D455C803E}.MinSizeRel|x64.ActiveCfg = MinSizeRel|x64
		{EC84C6AB-C064-30BF-9A3B-CB5D455C803E}.MinSizeRel|x64.Build.0 = MinSizeRel|x64
		{EC84C6AB-C064-30BF-9A3B-CB5D455C803E}.RelWithDebInfo|x64.ActiveCfg = RelWithDebInfo|x64
		{EC84C6AB-C064-30BF-9A3B-CB5D455C803E}.RelWithDebInfo|x64.Build.0 = RelWithDebInfo|x64
		{D63D2C1C-D1E6-3561-A790-1D6167C2364C}.Debug|x64.ActiveCfg = Debug|x64
		{D63D2C1C-D1E6-3561-A790-1D6167C2364C}.Debug|x64.Build.0 = Debug|x64
		{D63D2C1C-D1E6-3561-A790-1D6167C2364C}.Release|x64.ActiveCfg = Release|x64
		{D63D2C1C-D1E6-3561-A790-1D6167C2364C}.Release|x64.Build.0 = Release|x64
		{D63D2C1C-D1E6-3561-A790-1D6167C2364C}.MinSizeRel|x64.ActiveCfg = MinSizeRel|x64
		{D63D2C1C-D1E6-3561-A790-1D6167C2364C}.MinSizeRel|x64.Build.0 = MinSizeRel|x64
		{D63D2C1C-D1E6-3561-A790-1D6167C2364C}.RelWithDebInfo|x64.ActiveCfg = RelWithDebInfo|x64
		{D63D2C1C-D1E6-3561-A790-1D6167C2364C}.RelWithDebInfo|x64.Build.0 = RelWithDebInfo|x64
		{E868C0F6-9D32-355F-96D7-CABEB06D3BD0}.Debug|x64.ActiveCfg = Debug|x64
		{E868C0F6-9D32-355F-96D7-CABEB06D3BD0}.Debug|x64.Build.0 = Debug|x64
		{E868C0F6-9D32-355F-96D7-CABEB06D3BD0}.Release|x64.ActiveCfg = Release|x64
		{E868C0F6-9D32-355F-96D7-CABEB06D3BD0}.Release|x64.Build.0 = Release|x64
		{E868C0F6-9D32-355F-96D7-CABEB06D3BD0}.MinSizeRel|x64.ActiveCfg = MinSizeRel|x64
		{E868C0F6-9D32-355F-96D7-CABEB06D3BD0}.MinSizeRel|x64.Build.0 = MinSizeRel|x64
		{E868C0F6-9D32-355F-96D7-CABEB06D3BD0}.RelWithDebInfo|x64.ActiveCfg = RelWithDebInfo|x64
		{E868C0F6-9D32-355F-96D7-CABEB06D3BD0}.RelWithDebInfo|x64.Build.0 = RelWithDebInfo|x64
		{65C1EE21-851B-34EF-96C2-AA5F65F64019}.Debug|x64.ActiveCfg = Debug|x64
		{65C1EE21-851B-34EF-96C2-AA5F65F64019}.Debug|x64.Build.0 = Debug|x64
		{65C1EE21-851B-34EF-96C2-AA5F65F64019}.Release|x64.ActiveCfg = Release|x64
		{65C1EE21-851B-34EF-96C2-AA5F65F64019}.Release|x64.Build.0 = Release|x64
		{65C1EE21-851B-34EF-96C2-AA5F65F64019}.MinSizeRel|x64.ActiveCfg = MinSizeRel|x64
		{65C1EE21-851B-34EF-96C2-AA5F65F64019}.MinSizeRel|x64.Build.0 = MinSizeRel|x64
		{65C1EE21-851B-34EF-96C2-AA5F65F64019}.RelWithDebInfo|x64.ActiveCfg = RelWithDebInfo|x64
		{65C1EE21-851B-34EF-96C2-AA5F65F64019}.RelWithDebInfo|x64.Build.0 = RelWithDebInfo|x64
		{3C377171-6C01-3D73-B571-4528C4DC1839}.Debug|x64.ActiveCfg = Debug|x64
		{3C377171-6C01-3D73-B571-4528C4DC1839}.Debug|x64.Build.0 = Debug|x64
		{3C377171-6C01-3D73-B571-4528C4DC1839}.Release|x64.ActiveCfg = Release|x64
		{3C377171-6C01-3D73-B571-4528C4DC1839}.Release|x64.Build.0 = Release|x64
		{3C377171-6C01-3D73-B571-4528C4DC1839}.MinSizeRel|x64.ActiveCfg = MinSizeRel|x64
		{3C377171-6C01-3D73-B571-4528C4DC1839}.MinSizeRel|x64.Build.0 = MinSizeRel|x64
		{3C377171-6C01-3D73-B571-4528C4DC1839}.RelWithDebInfo|x64.ActiveCfg = RelWithDebInfo|x64
		{3C377171-6C01-3D73-B571-4528C4DC1839}.RelWithDebInfo|x64.Build.0 = RelWithDebInfo|x64
	EndGlobalSection
	GlobalSection(NestedProjects) = preSolution
		{C08136BA-3404-30A7-A66A-2CF92ACDA82F} = {10073AD9-3E78-39CC-87F9-627AF3E1BBD8}
		{42F007CF-414A-3CBE-BBDD-A1332C8E53C3} = {10073AD9-3E78-39CC-87F9-627AF3E1BBD8}
		{CEC4E883-FC39-3D9B-8CB2-DF320A4AAF22} = {10073AD9-3E78-39CC-87F9-627AF3E1BBD8}
	EndGlobalSection
	GlobalSection(ExtensibilityGlobals) = postSolution
		SolutionGuid = {F2DBDA81-DE82-3520-AE37-854C3AA24360}
	EndGlobalSection
	GlobalSection(ExtensibilityAddIns) = postSolution
	EndGlobalSection
EndGlobal
