
Microsoft Visual Studio Solution File, Format Version 12.00
# Visual Studio Version 16
VisualStudioVersion = 16.0.30907.101
MinimumVisualStudioVersion = 10.0.40219.1
Project("{8BC9CEB8-8B4A-11D0-8D11-00A0C91BC942}") = "ball_client", "ball_client.vcxproj", "{2EAF0A2F-CC20-4C6C-9301-1A2B4D38507F}"
EndProject
Project("{8BC9CEB8-8B4A-11D0-8D11-00A0C91BC942}") = "box2d", "..\libs-build\box2d-win\src\box2d.vcxproj", "{2F7C7549-35B4-3C54-B266-FE34DECEEBA9}"
EndProject
Project("{8BC9CEB8-8B4A-11D0-8D11-00A0C91BC942}") = "tofu_core", "..\build-win\core\tofu_core.vcxproj", "{288DDFDE-6759-3E9A-8AA3-11549C26618E}"
EndProject
Project("{8BC9CEB8-8B4A-11D0-8D11-00A0C91BC942}") = "ball_core", "..\build-win\ball-core\ball_core.vcxproj", "{DB70FD5D-9458-310A-8BD8-6AD82A4277DA}"
EndProject
Project("{8BC9CEB8-8B4A-11D0-8D11-00A0C91BC942}") = "fmt", "..\build-win\libs\fmt\fmt.vcxproj", "{A82C0593-3FAC-352C-ACAB-CAB0B6093F4A}"
EndProject
Project("{8BC9CEB8-8B4A-11D0-8D11-00A0C91BC942}") = "tofu_quic", "..\build-win\quic\tofu_quic.vcxproj", "{74D36FF5-8D57-3F4F-BE96-505D5D4947A2}"
EndProject
Global
	GlobalSection(SolutionConfigurationPlatforms) = preSolution
		Debug|x64 = Debug|x64
		Debug|x86 = Debug|x86
		MinSizeRel|x64 = MinSizeRel|x64
		MinSizeRel|x86 = MinSizeRel|x86
		Release|x64 = Release|x64
		Release|x86 = Release|x86
		RelWithDebInfo|x64 = RelWithDebInfo|x64
		RelWithDebInfo|x86 = RelWithDebInfo|x86
	EndGlobalSection
	GlobalSection(ProjectConfigurationPlatforms) = postSolution
		{2EAF0A2F-CC20-4C6C-9301-1A2B4D38507F}.Debug|x64.ActiveCfg = Debug|x64
		{2EAF0A2F-CC20-4C6C-9301-1A2B4D38507F}.Debug|x64.Build.0 = Debug|x64
		{2EAF0A2F-CC20-4C6C-9301-1A2B4D38507F}.Debug|x86.ActiveCfg = Debug|x64
		{2EAF0A2F-CC20-4C6C-9301-1A2B4D38507F}.MinSizeRel|x64.ActiveCfg = Debug|x64
		{2EAF0A2F-CC20-4C6C-9301-1A2B4D38507F}.MinSizeRel|x64.Build.0 = Debug|x64
		{2EAF0A2F-CC20-4C6C-9301-1A2B4D38507F}.MinSizeRel|x86.ActiveCfg = Release|x64
		{2EAF0A2F-CC20-4C6C-9301-1A2B4D38507F}.MinSizeRel|x86.Build.0 = Release|x64
		{2EAF0A2F-CC20-4C6C-9301-1A2B4D38507F}.Release|x64.ActiveCfg = Release|x64
		{2EAF0A2F-CC20-4C6C-9301-1A2B4D38507F}.Release|x64.Build.0 = Release|x64
		{2EAF0A2F-CC20-4C6C-9301-1A2B4D38507F}.Release|x86.ActiveCfg = Release|x64
		{2EAF0A2F-CC20-4C6C-9301-1A2B4D38507F}.RelWithDebInfo|x64.ActiveCfg = Release|x64
		{2EAF0A2F-CC20-4C6C-9301-1A2B4D38507F}.RelWithDebInfo|x64.Build.0 = Release|x64
		{2EAF0A2F-CC20-4C6C-9301-1A2B4D38507F}.RelWithDebInfo|x86.ActiveCfg = Release|x64
		{2EAF0A2F-CC20-4C6C-9301-1A2B4D38507F}.RelWithDebInfo|x86.Build.0 = Release|x64
		{2F7C7549-35B4-3C54-B266-FE34DECEEBA9}.Debug|x64.ActiveCfg = Debug|x64
		{2F7C7549-35B4-3C54-B266-FE34DECEEBA9}.Debug|x64.Build.0 = Debug|x64
		{2F7C7549-35B4-3C54-B266-FE34DECEEBA9}.Debug|x86.ActiveCfg = Debug|x64
		{2F7C7549-35B4-3C54-B266-FE34DECEEBA9}.MinSizeRel|x64.ActiveCfg = MinSizeRel|x64
		{2F7C7549-35B4-3C54-B266-FE34DECEEBA9}.MinSizeRel|x64.Build.0 = MinSizeRel|x64
		{2F7C7549-35B4-3C54-B266-FE34DECEEBA9}.MinSizeRel|x86.ActiveCfg = MinSizeRel|x64
		{2F7C7549-35B4-3C54-B266-FE34DECEEBA9}.Release|x64.ActiveCfg = Release|x64
		{2F7C7549-35B4-3C54-B266-FE34DECEEBA9}.Release|x64.Build.0 = Release|x64
		{2F7C7549-35B4-3C54-B266-FE34DECEEBA9}.Release|x86.ActiveCfg = Release|x64
		{2F7C7549-35B4-3C54-B266-FE34DECEEBA9}.RelWithDebInfo|x64.ActiveCfg = RelWithDebInfo|x64
		{2F7C7549-35B4-3C54-B266-FE34DECEEBA9}.RelWithDebInfo|x64.Build.0 = RelWithDebInfo|x64
		{2F7C7549-35B4-3C54-B266-FE34DECEEBA9}.RelWithDebInfo|x86.ActiveCfg = RelWithDebInfo|x64
		{288DDFDE-6759-3E9A-8AA3-11549C26618E}.Debug|x64.ActiveCfg = Debug|x64
		{288DDFDE-6759-3E9A-8AA3-11549C26618E}.Debug|x64.Build.0 = Debug|x64
		{288DDFDE-6759-3E9A-8AA3-11549C26618E}.Debug|x86.ActiveCfg = Debug|x64
		{288DDFDE-6759-3E9A-8AA3-11549C26618E}.MinSizeRel|x64.ActiveCfg = MinSizeRel|x64
		{288DDFDE-6759-3E9A-8AA3-11549C26618E}.MinSizeRel|x64.Build.0 = MinSizeRel|x64
		{288DDFDE-6759-3E9A-8AA3-11549C26618E}.MinSizeRel|x86.ActiveCfg = MinSizeRel|x64
		{288DDFDE-6759-3E9A-8AA3-11549C26618E}.Release|x64.ActiveCfg = Release|x64
		{288DDFDE-6759-3E9A-8AA3-11549C26618E}.Release|x64.Build.0 = Release|x64
		{288DDFDE-6759-3E9A-8AA3-11549C26618E}.Release|x86.ActiveCfg = Release|x64
		{288DDFDE-6759-3E9A-8AA3-11549C26618E}.RelWithDebInfo|x64.ActiveCfg = RelWithDebInfo|x64
		{288DDFDE-6759-3E9A-8AA3-11549C26618E}.RelWithDebInfo|x64.Build.0 = RelWithDebInfo|x64
		{288DDFDE-6759-3E9A-8AA3-11549C26618E}.RelWithDebInfo|x86.ActiveCfg = RelWithDebInfo|x64
		{DB70FD5D-9458-310A-8BD8-6AD82A4277DA}.Debug|x64.ActiveCfg = Debug|x64
		{DB70FD5D-9458-310A-8BD8-6AD82A4277DA}.Debug|x64.Build.0 = Debug|x64
		{DB70FD5D-9458-310A-8BD8-6AD82A4277DA}.Debug|x86.ActiveCfg = Debug|x64
		{DB70FD5D-9458-310A-8BD8-6AD82A4277DA}.MinSizeRel|x64.ActiveCfg = MinSizeRel|x64
		{DB70FD5D-9458-310A-8BD8-6AD82A4277DA}.MinSizeRel|x64.Build.0 = MinSizeRel|x64
		{DB70FD5D-9458-310A-8BD8-6AD82A4277DA}.MinSizeRel|x86.ActiveCfg = MinSizeRel|x64
		{DB70FD5D-9458-310A-8BD8-6AD82A4277DA}.Release|x64.ActiveCfg = Release|x64
		{DB70FD5D-9458-310A-8BD8-6AD82A4277DA}.Release|x64.Build.0 = Release|x64
		{DB70FD5D-9458-310A-8BD8-6AD82A4277DA}.Release|x86.ActiveCfg = Release|x64
		{DB70FD5D-9458-310A-8BD8-6AD82A4277DA}.RelWithDebInfo|x64.ActiveCfg = RelWithDebInfo|x64
		{DB70FD5D-9458-310A-8BD8-6AD82A4277DA}.RelWithDebInfo|x64.Build.0 = RelWithDebInfo|x64
		{DB70FD5D-9458-310A-8BD8-6AD82A4277DA}.RelWithDebInfo|x86.ActiveCfg = RelWithDebInfo|x64
		{A82C0593-3FAC-352C-ACAB-CAB0B6093F4A}.Debug|x64.ActiveCfg = Debug|x64
		{A82C0593-3FAC-352C-ACAB-CAB0B6093F4A}.Debug|x64.Build.0 = Debug|x64
		{A82C0593-3FAC-352C-ACAB-CAB0B6093F4A}.Debug|x86.ActiveCfg = Debug|x64
		{A82C0593-3FAC-352C-ACAB-CAB0B6093F4A}.MinSizeRel|x64.ActiveCfg = MinSizeRel|x64
		{A82C0593-3FAC-352C-ACAB-CAB0B6093F4A}.MinSizeRel|x64.Build.0 = MinSizeRel|x64
		{A82C0593-3FAC-352C-ACAB-CAB0B6093F4A}.MinSizeRel|x86.ActiveCfg = MinSizeRel|x64
		{A82C0593-3FAC-352C-ACAB-CAB0B6093F4A}.Release|x64.ActiveCfg = Release|x64
		{A82C0593-3FAC-352C-ACAB-CAB0B6093F4A}.Release|x64.Build.0 = Release|x64
		{A82C0593-3FAC-352C-ACAB-CAB0B6093F4A}.Release|x86.ActiveCfg = Release|x64
		{A82C0593-3FAC-352C-ACAB-CAB0B6093F4A}.RelWithDebInfo|x64.ActiveCfg = RelWithDebInfo|x64
		{A82C0593-3FAC-352C-ACAB-CAB0B6093F4A}.RelWithDebInfo|x64.Build.0 = RelWithDebInfo|x64
		{A82C0593-3FAC-352C-ACAB-CAB0B6093F4A}.RelWithDebInfo|x86.ActiveCfg = RelWithDebInfo|x64
		{74D36FF5-8D57-3F4F-BE96-505D5D4947A2}.Debug|x64.ActiveCfg = Debug|x64
		{74D36FF5-8D57-3F4F-BE96-505D5D4947A2}.Debug|x64.Build.0 = Debug|x64
		{74D36FF5-8D57-3F4F-BE96-505D5D4947A2}.Debug|x86.ActiveCfg = Debug|x64
		{74D36FF5-8D57-3F4F-BE96-505D5D4947A2}.MinSizeRel|x64.ActiveCfg = MinSizeRel|x64
		{74D36FF5-8D57-3F4F-BE96-505D5D4947A2}.MinSizeRel|x64.Build.0 = MinSizeRel|x64
		{74D36FF5-8D57-3F4F-BE96-505D5D4947A2}.MinSizeRel|x86.ActiveCfg = MinSizeRel|x64
		{74D36FF5-8D57-3F4F-BE96-505D5D4947A2}.Release|x64.ActiveCfg = Release|x64
		{74D36FF5-8D57-3F4F-BE96-505D5D4947A2}.Release|x64.Build.0 = Release|x64
		{74D36FF5-8D57-3F4F-BE96-505D5D4947A2}.Release|x86.ActiveCfg = Release|x64
		{74D36FF5-8D57-3F4F-BE96-505D5D4947A2}.RelWithDebInfo|x64.ActiveCfg = RelWithDebInfo|x64
		{74D36FF5-8D57-3F4F-BE96-505D5D4947A2}.RelWithDebInfo|x64.Build.0 = RelWithDebInfo|x64
		{74D36FF5-8D57-3F4F-BE96-505D5D4947A2}.RelWithDebInfo|x86.ActiveCfg = RelWithDebInfo|x64
	EndGlobalSection
	GlobalSection(SolutionProperties) = preSolution
		HideSolutionNode = FALSE
	EndGlobalSection
	GlobalSection(ExtensibilityGlobals) = postSolution
		SolutionGuid = {FC1286CA-432B-4C02-8DB1-6009976AA1D4}
	EndGlobalSection
EndGlobal
